// !$*UTF8*$!
{
	archiveVersion = 1;
	classes = {
	};
	objectVersion = 46;
	objects = {

/* Begin PBXBuildFile section */
		D27170CB1C8DC30E006ECA5A /* AppDelegate.swift in Sources */ = {isa = PBXBuildFile; fileRef = D27170CA1C8DC30E006ECA5A /* AppDelegate.swift */; };
		D27170CD1C8DC30E006ECA5A /* ViewController.swift in Sources */ = {isa = PBXBuildFile; fileRef = D27170CC1C8DC30E006ECA5A /* ViewController.swift */; };
		D27170D01C8DC30E006ECA5A /* Main.storyboard in Resources */ = {isa = PBXBuildFile; fileRef = D27170CE1C8DC30E006ECA5A /* Main.storyboard */; };
		D27170D21C8DC30E006ECA5A /* Assets.xcassets in Resources */ = {isa = PBXBuildFile; fileRef = D27170D11C8DC30E006ECA5A /* Assets.xcassets */; };
		D27170D51C8DC30E006ECA5A /* LaunchScreen.storyboard in Resources */ = {isa = PBXBuildFile; fileRef = D27170D31C8DC30E006ECA5A /* LaunchScreen.storyboard */; };
		D27170DE1C8DC572006ECA5A /* CircleGestureRecognizer.swift in Sources */ = {isa = PBXBuildFile; fileRef = D27170DD1C8DC572006ECA5A /* CircleGestureRecognizer.swift */; };
/* End PBXBuildFile section */

/* Begin PBXFileReference section */
		D27170C71C8DC30E006ECA5A /* WSDCircleGestureRecognizer.app */ = {isa = PBXFileReference; explicitFileType = wrapper.application; includeInIndex = 0; path = WSDCircleGestureRecognizer.app; sourceTree = BUILT_PRODUCTS_DIR; };
		D27170CA1C8DC30E006ECA5A /* AppDelegate.swift */ = {isa = PBXFileReference; lastKnownFileType = sourcecode.swift; path = AppDelegate.swift; sourceTree = "<group>"; };
		D27170CC1C8DC30E006ECA5A /* ViewController.swift */ = {isa = PBXFileReference; lastKnownFileType = sourcecode.swift; path = ViewController.swift; sourceTree = "<group>"; };
		D27170CF1C8DC30E006ECA5A /* Base */ = {isa = PBXFileReference; lastKnownFileType = file.storyboard; name = Base; path = Base.lproj/Main.storyboard; sourceTree = "<group>"; };
		D27170D11C8DC30E006ECA5A /* Assets.xcassets */ = {isa = PBXFileReference; lastKnownFileType = folder.assetcatalog; path = Assets.xcassets; sourceTree = "<group>"; };
		D27170D41C8DC30E006ECA5A /* Base */ = {isa = PBXFileReference; lastKnownFileType = file.storyboard; name = Base; path = Base.lproj/LaunchScreen.storyboard; sourceTree = "<group>"; };
		D27170D61C8DC30E006ECA5A /* Info.plist */ = {isa = PBXFileReference; lastKnownFileType = text.plist.xml; path = Info.plist; sourceTree = "<group>"; };
		D27170DD1C8DC572006ECA5A /* CircleGestureRecognizer.swift */ = {isa = PBXFileReference; fileEncoding = 4; lastKnownFileType = sourcecode.swift; path = CircleGestureRecognizer.swift; sourceTree = "<group>"; };
/* End PBXFileReference section */

/* Begin PBXFrameworksBuildPhase section */
		D27170C41C8DC30E006ECA5A /* Frameworks */ = {
			isa = PBXFrameworksBuildPhase;
			buildActionMask = 2147483647;
			files = (
			);
			runOnlyForDeploymentPostprocessing = 0;
		};
/* End PBXFrameworksBuildPhase section */

/* Begin PBXGroup section */
		D27170BE1C8DC30E006ECA5A = {
			isa = PBXGroup;
			children = (
				D27170C91C8DC30E006ECA5A /* WSDCircleGestureRecognizer */,
				D27170C81C8DC30E006ECA5A /* Products */,
			);
			sourceTree = "<group>";
		};
		D27170C81C8DC30E006ECA5A /* Products */ = {
			isa = PBXGroup;
			children = (
				D27170C71C8DC30E006ECA5A /* WSDCircleGestureRecognizer.app */,
			);
			name = Products;
			sourceTree = "<group>";
		};
		D27170C91C8DC30E006ECA5A /* WSDCircleGestureRecognizer */ = {
			isa = PBXGroup;
			children = (
				D27170DC1C8DC572006ECA5A /* CircleGestureRecognizer */,
				D27170CA1C8DC30E006ECA5A /* AppDelegate.swift */,
				D27170CC1C8DC30E006ECA5A /* ViewController.swift */,
				D27170CE1C8DC30E006ECA5A /* Main.storyboard */,
				D27170D11C8DC30E006ECA5A /* Assets.xcassets */,
				D27170D31C8DC30E006ECA5A /* LaunchScreen.storyboard */,
				D27170D61C8DC30E006ECA5A /* Info.plist */,
			);
			path = WSDCircleGestureRecognizer;
			sourceTree = "<group>";
		};
		D27170DC1C8DC572006ECA5A /* CircleGestureRecognizer */ = {
			isa = PBXGroup;
			children = (
				D27170DD1C8DC572006ECA5A /* CircleGestureRecognizer.swift */,
			);
			path = CircleGestureRecognizer;
			sourceTree = "<group>";
		};
/* End PBXGroup section */

/* Begin PBXNativeTarget section */
		D27170C61C8DC30E006ECA5A /* WSDCircleGestureRecognizer */ = {
			isa = PBXNativeTarget;
			buildConfigurationList = D27170D91C8DC30E006ECA5A /* Build configuration list for PBXNativeTarget "WSDCircleGestureRecognizer" */;
			buildPhases = (
				D27170C31C8DC30E006ECA5A /* Sources */,
				D27170C41C8DC30E006ECA5A /* Frameworks */,
				D27170C51C8DC30E006ECA5A /* Resources */,
			);
			buildRules = (
			);
			dependencies = (
			);
			name = WSDCircleGestureRecognizer;
			productName = WSDCircleGestureRecognizer;
			productReference = D27170C71C8DC30E006ECA5A /* WSDCircleGestureRecognizer.app */;
			productType = "com.apple.product-type.application";
		};
/* End PBXNativeTarget section */

/* Begin PBXProject section */
		D27170BF1C8DC30E006ECA5A /* Project object */ = {
			isa = PBXProject;
			attributes = {
				LastSwiftUpdateCheck = 0720;
				LastUpgradeCheck = 0720;
				ORGANIZATIONNAME = MAD;
				TargetAttributes = {
					D27170C61C8DC30E006ECA5A = {
						CreatedOnToolsVersion = 7.2.1;
					};
				};
			};
			buildConfigurationList = D27170C21C8DC30E006ECA5A /* Build configuration list for PBXProject "WSDCircleGestureRecognizer" */;
			compatibilityVersion = "Xcode 3.2";
			developmentRegion = English;
			hasScannedForEncodings = 0;
			knownRegions = (
				en,
				Base,
			);
			mainGroup = D27170BE1C8DC30E006ECA5A;
			productRefGroup = D27170C81C8DC30E006ECA5A /* Products */;
			projectDirPath = "";
			projectRoot = "";
			targets = (
				D27170C61C8DC30E006ECA5A /* WSDCircleGestureRecognizer */,
			);
		};
/* End PBXProject section */

/* Begin PBXResourcesBuildPhase section */
		D27170C51C8DC30E006ECA5A /* Resources */ = {
			isa = PBXResourcesBuildPhase;
			buildActionMask = 2147483647;
			files = (
				D27170D51C8DC30E006ECA5A /* LaunchScreen.storyboard in Resources */,
				D27170D21C8DC30E006ECA5A /* Assets.xcassets in Resources */,
				D27170D01C8DC30E006ECA5A /* Main.storyboard in Resources */,
			);
			runOnlyForDeploymentPostprocessing = 0;
		};
/* End PBXResourcesBuildPhase section */

/* Begin PBXSourcesBuildPhase section */
		D27170C31C8DC30E006ECA5A /* Sources */ = {
			isa = PBXSourcesBuildPhase;
			buildActionMask = 2147483647;
			files = (
				D27170DE1C8DC572006ECA5A /* CircleGestureRecognizer.swift in Sources */,
				D27170CD1C8DC30E006ECA5A /* ViewController.swift in Sources */,
				D27170CB1C8DC30E006ECA5A /* AppDelegate.swift in Sources */,
			);
			runOnlyForDeploymentPostprocessing = 0;
		};
/* End PBXSourcesBuildPhase section */

/* Begin PBXVariantGroup section */
		D27170CE1C8DC30E006ECA5A /* Main.storyboard */ = {
			isa = PBXVariantGroup;
			children = (
				D27170CF1C8DC30E006ECA5A /* Base */,
			);
			name = Main.storyboard;
			sourceTree = "<group>";
		};
		D27170D31C8DC30E006ECA5A /* LaunchScreen.storyboard */ = {
			isa = PBXVariantGroup;
			children = (
				D27170D41C8DC30E006ECA5A /* Base */,
			);
			name = LaunchScreen.storyboard;
			sourceTree = "<group>";
		};
/* End PBXVariantGroup section */

/* Begin XCBuildConfiguration section */
		D27170D71C8DC30E006ECA5A /* Debug */ = {
			isa = XCBuildConfiguration;
			buildSettings = {
				ALWAYS_SEARCH_USER_PATHS = NO;
				CLANG_CXX_LANGUAGE_STANDARD = "gnu++0x";
				CLANG_CXX_LIBRARY = "libc++";
				CLANG_ENABLE_MODULES = YES;
				CLANG_ENABLE_OBJC_ARC = YES;
				CLANG_WARN_BOOL_CONVERSION = YES;
				CLANG_WARN_CONSTANT_CONVERSION = YES;
				CLANG_WARN_DIRECT_OBJC_ISA_USAGE = YES_ERROR;
				CLANG_WARN_EMPTY_BODY = YES;
				CLANG_WARN_ENUM_CONVERSION = YES;
				CLANG_WARN_INT_CONVERSION = YES;
				CLANG_WARN_OBJC_ROOT_CLASS = YES_ERROR;
				CLANG_WARN_UNREACHABLE_CODE = YES;
				CLANG_WARN__DUPLICATE_METHOD_MATCH = YES;
				"CODE_SIGN_IDENTITY[sdk=iphoneos*]" = "iPhone Developer";
				COPY_PHASE_STRIP = NO;
				DEBUG_INFORMATION_FORMAT = dwarf;
				ENABLE_STRICT_OBJC_MSGSEND = YES;
				ENABLE_TESTABILITY = YES;
				GCC_C_LANGUAGE_STANDARD = gnu99;
				GCC_DYNAMIC_NO_PIC = NO;
				GCC_NO_COMMON_BLOCKS = YES;
				GCC_OPTIMIZATION_LEVEL = 0;
				GCC_PREPROCESSOR_DEFINITIONS = (
					"DEBUG=1",
					"$(inherited)",
				);
				GCC_WARN_64_TO_32_BIT_CONVERSION = YES;
				GCC_WARN_ABOUT_RETURN_TYPE = YES_ERROR;
				GCC_WARN_UNDECLARED_SELECTOR = YES;
				GCC_WARN_UNINITIALIZED_AUTOS = YES_AGGRESSIVE;
				GCC_WARN_UNUSED_FUNCTION = YES;
				GCC_WARN_UNUSED_VARIABLE = YES;
				IPHONEOS_DEPLOYMENT_TARGET = 9.2;
				MTL_ENABLE_DEBUG_INFO = YES;
				ONLY_ACTIVE_ARCH = YES;
				SDKROOT = iphoneos;
				SWIFT_OPTIMIZATION_LEVEL = "-Onone";
			};
			name = Debug;
		};
		D27170D81C8DC30E006ECA5A /* Release */ = {
			isa = XCBuildConfiguration;
			buildSettings = {
				ALWAYS_SEARCH_USER_PATHS = NO;
				CLANG_CXX_LANGUAGE_STANDARD = "gnu++0x";
				CLANG_CXX_LIBRARY = "libc++";
				CLANG_ENABLE_MODULES = YES;
				CLANG_ENABLE_OBJC_ARC = YES;
				CLANG_WARN_BOOL_CONVERSION = YES;
				CLANG_WARN_CONSTANT_CONVERSION = YES;
				CLANG_WARN_DIRECT_OBJC_ISA_USAGE = YES_ERROR;
				CLANG_WARN_EMPTY_BODY = YES;
				CLANG_WARN_ENUM_CONVERSION = YES;
				CLANG_WARN_INT_CONVERSION = YES;
				CLANG_WARN_OBJC_ROOT_CLASS = YES_ERROR;
				CLANG_WARN_UNREACHABLE_CODE = YES;
				CLANG_WARN__DUPLICATE_METHOD_MATCH = YES;
				"CODE_SIGN_IDENTITY[sdk=iphoneos*]" = "iPhone Developer";
				COPY_PHASE_STRIP = NO;
				DEBUG_INFORMATION_FORMAT = "dwarf-with-dsym";
				ENABLE_NS_ASSERTIONS = NO;
				ENABLE_STRICT_OBJC_MSGSEND = YES;
				GCC_C_LANGUAGE_STANDARD = gnu99;
				GCC_NO_COMMON_BLOCKS = YES;
				GCC_WARN_64_TO_32_BIT_CONVERSION = YES;
				GCC_WARN_ABOUT_RETURN_TYPE = YES_ERROR;
				GCC_WARN_UNDECLARED_SELECTOR = YES;
				GCC_WARN_UNINITIALIZED_AUTOS = YES_AGGRESSIVE;
				GCC_WARN_UNUSED_FUNCTION = YES;
				GCC_WARN_UNUSED_VARIABLE = YES;
				IPHONEOS_DEPLOYMENT_TARGET = 9.2;
				MTL_ENABLE_DEBUG_INFO = NO;
				SDKROOT = iphoneos;
				VALIDATE_PRODUCT = YES;
			};
			name = Release;
		};
		D27170DA1C8DC30E006ECA5A /* Debug */ = {
			isa = XCBuildConfiguration;
			buildSettings = {
				ASSETCATALOG_COMPILER_APPICON_NAME = AppIcon;
				INFOPLIST_FILE = WSDCircleGestureRecognizer/Info.plist;
				LD_RUNPATH_SEARCH_PATHS = "$(inherited) @executable_path/Frameworks";
				PRODUCT_BUNDLE_IDENTIFIER = com.mad.WSDCircleGestureRecognizer;
				PRODUCT_NAME = "$(TARGET_NAME)";
			};
			name = Debug;
		};
		D27170DB1C8DC30E006ECA5A /* Release */ = {
			isa = XCBuildConfiguration;
			buildSettings = {
				ASSETCATALOG_COMPILER_APPICON_NAME = AppIcon;
				INFOPLIST_FILE = WSDCircleGestureRecognizer/Info.plist;
				LD_RUNPATH_SEARCH_PATHS = "$(inherited) @executable_path/Frameworks";
				PRODUCT_BUNDLE_IDENTIFIER = com.mad.WSDCircleGestureRecognizer;
				PRODUCT_NAME = "$(TARGET_NAME)";
			};
			name = Release;
		};
/* End XCBuildConfiguration section */

/* Begin XCConfigurationList section */
		D27170C21C8DC30E006ECA5A /* Build configuration list for PBXProject "WSDCircleGestureRecognizer" */ = {
			isa = XCConfigurationList;
			buildConfigurations = (
				D27170D71C8DC30E006ECA5A /* Debug */,
				D27170D81C8DC30E006ECA5A /* Release */,
			);
			defaultConfigurationIsVisible = 0;
			defaultConfigurationName = Release;
		};
		D27170D91C8DC30E006ECA5A /* Build configuration list for PBXNativeTarget "WSDCircleGestureRecognizer" */ = {
			isa = XCConfigurationList;
			buildConfigurations = (
				D27170DA1C8DC30E006ECA5A /* Debug */,
				D27170DB1C8DC30E006ECA5A /* Release */,
			);
			defaultConfigurationIsVisible = 0;
		};
/* End XCConfigurationList section */
	};
	rootObject = D27170BF1C8DC30E006ECA5A /* Project object */;
}
